
Microsoft Visual Studio Solution File, Format Version 12.00
# Visual Studio 15
VisualStudioVersion = 15.0.27004.2008
MinimumVisualStudioVersion = 10.0.40219.1
Project("{FAE04EC0-301F-11D3-BF4B-00C04F79EFBC}") = "Design", "Design\Design.csproj", "{248B341C-5CFB-49FC-A7BF-945825ACF77C}"
EndProject
Project("{9A19103F-16F7-4668-BE54-9A1E7A4F7556}") = "StartGrow", "src\StartGrow\StartGrow.csproj", "{8DF9EE6D-B76D-49D2-9EA1-2ABF34B5809C}"
EndProject
Project("{2150E333-8FDC-42A3-9474-1A3956D46DE8}") = "test", "test", "{1A9EB17A-D897-46F7-B6F9-78D8C5DA318E}"
EndProject
Project("{9A19103F-16F7-4668-BE54-9A1E7A4F7556}") = "StartGrow.UT", "test\StartGrow.UT\StartGrow.UT.csproj", "{64ECD19D-B546-433E-9FF6-55514CA2E216}"
EndProject
Project("{FAE04EC0-301F-11D3-BF4B-00C04F79EFBC}") = "StartGrow.UIT", "test\StartGrow.UIT\StartGrow.UIT.csproj", "{AC3A39EA-FE42-4849-B52F-F3843A5CB19C}"
EndProject
Global
	GlobalSection(SolutionConfigurationPlatforms) = preSolution
		Debug|Any CPU = Debug|Any CPU
		Release|Any CPU = Release|Any CPU
	EndGlobalSection
	GlobalSection(ProjectConfigurationPlatforms) = postSolution
		{248B341C-5CFB-49FC-A7BF-945825ACF77C}.Debug|Any CPU.ActiveCfg = Debug|Any CPU
		{248B341C-5CFB-49FC-A7BF-945825ACF77C}.Debug|Any CPU.Build.0 = Debug|Any CPU
		{248B341C-5CFB-49FC-A7BF-945825ACF77C}.Release|Any CPU.ActiveCfg = Release|Any CPU
		{248B341C-5CFB-49FC-A7BF-945825ACF77C}.Release|Any CPU.Build.0 = Release|Any CPU
		{8DF9EE6D-B76D-49D2-9EA1-2ABF34B5809C}.Debug|Any CPU.ActiveCfg = Debug|Any CPU
		{8DF9EE6D-B76D-49D2-9EA1-2ABF34B5809C}.Debug|Any CPU.Build.0 = Debug|Any CPU
		{8DF9EE6D-B76D-49D2-9EA1-2ABF34B5809C}.Release|Any CPU.ActiveCfg = Release|Any CPU
		{8DF9EE6D-B76D-49D2-9EA1-2ABF34B5809C}.Release|Any CPU.Build.0 = Release|Any CPU
		{64ECD19D-B546-433E-9FF6-55514CA2E216}.Debug|Any CPU.ActiveCfg = Debug|Any CPU
		{64ECD19D-B546-433E-9FF6-55514CA2E216}.Debug|Any CPU.Build.0 = Debug|Any CPU
		{64ECD19D-B546-433E-9FF6-55514CA2E216}.Release|Any CPU.ActiveCfg = Release|Any CPU
		{64ECD19D-B546-433E-9FF6-55514CA2E216}.Release|Any CPU.Build.0 = Release|Any CPU
		{AC3A39EA-FE42-4849-B52F-F3843A5CB19C}.Debug|Any CPU.ActiveCfg = Debug|Any CPU
		{AC3A39EA-FE42-4849-B52F-F3843A5CB19C}.Debug|Any CPU.Build.0 = Debug|Any CPU
		{AC3A39EA-FE42-4849-B52F-F3843A5CB19C}.Release|Any CPU.ActiveCfg = Release|Any CPU
		{AC3A39EA-FE42-4849-B52F-F3843A5CB19C}.Release|Any CPU.Build.0 = Release|Any CPU
	EndGlobalSection
	GlobalSection(SolutionProperties) = preSolution
		HideSolutionNode = FALSE
	EndGlobalSection
	GlobalSection(NestedProjects) = preSolution
		{64ECD19D-B546-433E-9FF6-55514CA2E216} = {1A9EB17A-D897-46F7-B6F9-78D8C5DA318E}
		{AC3A39EA-FE42-4849-B52F-F3843A5CB19C} = {1A9EB17A-D897-46F7-B6F9-78D8C5DA318E}
	EndGlobalSection
	GlobalSection(ExtensibilityGlobals) = postSolution
		SolutionGuid = {E21E4F33-2EC0-431C-A773-F3B77B546282}
	EndGlobalSection
EndGlobal
